
Microsoft Visual Studio Solution File, Format Version 12.00
# Visual Studio Version 17
VisualStudioVersion = 17.0.32002.185
MinimumVisualStudioVersion = 10.0.40219.1
Project("{FAE04EC0-301F-11D3-BF4B-00C04F79EFBC}") = "RedSocial.Android", "RedSocial\RedSocial.Android\RedSocial.Android.csproj", "{85F4D017-E992-4CEE-8D3E-F468F33360E3}"
EndProject
Project("{FAE04EC0-301F-11D3-BF4B-00C04F79EFBC}") = "RedSocial.iOS", "RedSocial\RedSocial.iOS\RedSocial.iOS.csproj", "{6B06C41A-A05D-4B50-9901-23CDD8945876}"
EndProject
Project("{FAE04EC0-301F-11D3-BF4B-00C04F79EFBC}") = "RedSocial", "RedSocial\RedSocial\RedSocial.csproj", "{6B188726-C1FF-468A-B8B9-5F19DC3531D5}"
EndProject
Global
	GlobalSection(SolutionConfigurationPlatforms) = preSolution
		Debug|Any CPU = Debug|Any CPU
		Debug|iPhone = Debug|iPhone
		Debug|iPhoneSimulator = Debug|iPhoneSimulator
		Release|Any CPU = Release|Any CPU
		Release|iPhone = Release|iPhone
		Release|iPhoneSimulator = Release|iPhoneSimulator
	EndGlobalSection
	GlobalSection(ProjectConfigurationPlatforms) = postSolution
		{85F4D017-E992-4CEE-8D3E-F468F33360E3}.Debug|Any CPU.ActiveCfg = Debug|Any CPU
		{85F4D017-E992-4CEE-8D3E-F468F33360E3}.Debug|Any CPU.Build.0 = Debug|Any CPU
		{85F4D017-E992-4CEE-8D3E-F468F33360E3}.Debug|Any CPU.Deploy.0 = Debug|Any CPU
		{85F4D017-E992-4CEE-8D3E-F468F33360E3}.Debug|iPhone.ActiveCfg = Debug|Any CPU
		{85F4D017-E992-4CEE-8D3E-F468F33360E3}.Debug|iPhone.Build.0 = Debug|Any CPU
		{85F4D017-E992-4CEE-8D3E-F468F33360E3}.Debug|iPhone.Deploy.0 = Debug|Any CPU
		{85F4D017-E992-4CEE-8D3E-F468F33360E3}.Debug|iPhoneSimulator.ActiveCfg = Debug|Any CPU
		{85F4D017-E992-4CEE-8D3E-F468F33360E3}.Debug|iPhoneSimulator.Build.0 = Debug|Any CPU
		{85F4D017-E992-4CEE-8D3E-F468F33360E3}.Debug|iPhoneSimulator.Deploy.0 = Debug|Any CPU
		{85F4D017-E992-4CEE-8D3E-F468F33360E3}.Release|Any CPU.ActiveCfg = Release|Any CPU
		{85F4D017-E992-4CEE-8D3E-F468F33360E3}.Release|Any CPU.Build.0 = Release|Any CPU
		{85F4D017-E992-4CEE-8D3E-F468F33360E3}.Release|Any CPU.Deploy.0 = Release|Any CPU
		{85F4D017-E992-4CEE-8D3E-F468F33360E3}.Release|iPhone.ActiveCfg = Release|Any CPU
		{85F4D017-E992-4CEE-8D3E-F468F33360E3}.Release|iPhone.Build.0 = Release|Any CPU
		{85F4D017-E992-4CEE-8D3E-F468F33360E3}.Release|iPhone.Deploy.0 = Release|Any CPU
		{85F4D017-E992-4CEE-8D3E-F468F33360E3}.Release|iPhoneSimulator.ActiveCfg = Release|Any CPU
		{85F4D017-E992-4CEE-8D3E-F468F33360E3}.Release|iPhoneSimulator.Build.0 = Release|Any CPU
		{85F4D017-E992-4CEE-8D3E-F468F33360E3}.Release|iPhoneSimulator.Deploy.0 = Release|Any CPU
		{6B06C41A-A05D-4B50-9901-23CDD8945876}.Debug|Any CPU.ActiveCfg = Debug|iPhone
		{6B06C41A-A05D-4B50-9901-23CDD8945876}.Debug|Any CPU.Build.0 = Debug|iPhone
		{6B06C41A-A05D-4B50-9901-23CDD8945876}.Debug|Any CPU.Deploy.0 = Debug|iPhone
		{6B06C41A-A05D-4B50-9901-23CDD8945876}.Debug|iPhone.ActiveCfg = Debug|iPhone
		{6B06C41A-A05D-4B50-9901-23CDD8945876}.Debug|iPhone.Build.0 = Debug|iPhone
		{6B06C41A-A05D-4B50-9901-23CDD8945876}.Debug|iPhone.Deploy.0 = Debug|iPhone
		{6B06C41A-A05D-4B50-9901-23CDD8945876}.Debug|iPhoneSimulator.ActiveCfg = Debug|iPhoneSimulator
		{6B06C41A-A05D-4B50-9901-23CDD8945876}.Debug|iPhoneSimulator.Build.0 = Debug|iPhoneSimulator
		{6B06C41A-A05D-4B50-9901-23CDD8945876}.Debug|iPhoneSimulator.Deploy.0 = Debug|iPhoneSimulator
		{6B06C41A-A05D-4B50-9901-23CDD8945876}.Release|Any CPU.ActiveCfg = Release|iPhoneSimulator
		{6B06C41A-A05D-4B50-9901-23CDD8945876}.Release|Any CPU.Build.0 = Release|iPhoneSimulator
		{6B06C41A-A05D-4B50-9901-23CDD8945876}.Release|Any CPU.Deploy.0 = Release|iPhoneSimulator
		{6B06C41A-A05D-4B50-9901-23CDD8945876}.Release|iPhone.ActiveCfg = Release|iPhone
		{6B06C41A-A05D-4B50-9901-23CDD8945876}.Release|iPhone.Build.0 = Release|iPhone
		{6B06C41A-A05D-4B50-9901-23CDD8945876}.Release|iPhone.Deploy.0 = Release|iPhone
		{6B06C41A-A05D-4B50-9901-23CDD8945876}.Release|iPhoneSimulator.ActiveCfg = Release|iPhoneSimulator
		{6B06C41A-A05D-4B50-9901-23CDD8945876}.Release|iPhoneSimulator.Build.0 = Release|iPhoneSimulator
		{6B06C41A-A05D-4B50-9901-23CDD8945876}.Release|iPhoneSimulator.Deploy.0 = Release|iPhoneSimulator
		{6B188726-C1FF-468A-B8B9-5F19DC3531D5}.Debug|Any CPU.ActiveCfg = Debug|Any CPU
		{6B188726-C1FF-468A-B8B9-5F19DC3531D5}.Debug|Any CPU.Build.0 = Debug|Any CPU
		{6B188726-C1FF-468A-B8B9-5F19DC3531D5}.Debug|Any CPU.Deploy.0 = Debug|Any CPU
		{6B188726-C1FF-468A-B8B9-5F19DC3531D5}.Debug|iPhone.ActiveCfg = Debug|Any CPU
		{6B188726-C1FF-468A-B8B9-5F19DC3531D5}.Debug|iPhone.Build.0 = Debug|Any CPU
		{6B188726-C1FF-468A-B8B9-5F19DC3531D5}.Debug|iPhone.Deploy.0 = Debug|Any CPU
		{6B188726-C1FF-468A-B8B9-5F19DC3531D5}.Debug|iPhoneSimulator.ActiveCfg = Debug|Any CPU
		{6B188726-C1FF-468A-B8B9-5F19DC3531D5}.Debug|iPhoneSimulator.Build.0 = Debug|Any CPU
		{6B188726-C1FF-468A-B8B9-5F19DC3531D5}.Debug|iPhoneSimulator.Deploy.0 = Debug|Any CPU
		{6B188726-C1FF-468A-B8B9-5F19DC3531D5}.Release|Any CPU.ActiveCfg = Release|Any CPU
		{6B188726-C1FF-468A-B8B9-5F19DC3531D5}.Release|Any CPU.Build.0 = Release|Any CPU
		{6B188726-C1FF-468A-B8B9-5F19DC3531D5}.Release|Any CPU.Deploy.0 = Release|Any CPU
		{6B188726-C1FF-468A-B8B9-5F19DC3531D5}.Release|iPhone.ActiveCfg = Release|Any CPU
		{6B188726-C1FF-468A-B8B9-5F19DC3531D5}.Release|iPhone.Build.0 = Release|Any CPU
		{6B188726-C1FF-468A-B8B9-5F19DC3531D5}.Release|iPhone.Deploy.0 = Release|Any CPU
		{6B188726-C1FF-468A-B8B9-5F19DC3531D5}.Release|iPhoneSimulator.ActiveCfg = Release|Any CPU
		{6B188726-C1FF-468A-B8B9-5F19DC3531D5}.Release|iPhoneSimulator.Build.0 = Release|Any CPU
		{6B188726-C1FF-468A-B8B9-5F19DC3531D5}.Release|iPhoneSimulator.Deploy.0 = Release|Any CPU
	EndGlobalSection
	GlobalSection(SolutionProperties) = preSolution
		HideSolutionNode = FALSE
	EndGlobalSection
	GlobalSection(ExtensibilityGlobals) = postSolution
		SolutionGuid = {AB9CBAEE-17C4-44D3-92FA-D3EE52A1A336}
	EndGlobalSection
EndGlobal
